<?xml version="1.0" encoding="utf-8"?>
<Project ToolsVersion="4.0" xmlns="http://schemas.microsoft.com/developer/msbuild/2003">
  <ItemGroup>
    <Filter Include="Source Files">
      <UniqueIdentifier>{e3f59fad-a2e9-4346-af05-67ae1bd06bdb}</UniqueIdentifier>
      <Extensions>cpp;c;cxx;rc;def;r;odl;idl;hpj;bat</Extensions>
    </Filter>
    <Filter Include="Header Files">
      <UniqueIdentifier>{89361633-0a38-4ee4-bbb0-99166c10ece6}</UniqueIdentifier>
      <Extensions>h;hpp;hxx;hm;inl</Extensions>
    </Filter>
    <Filter Include="Resource Files">
      <UniqueIdentifier>{81bc34a9-f3c0-4159-8ad4-d57ece5ade4a}</UniqueIdentifier>
      <Extensions>ico;cur;bmp;dlg;rc2;rct;bin;rgs;gif;jpg;jpeg;jpe</Extensions>
    </Filter>
    <Filter Include="PathX">
      <UniqueIdentifier>{04f65b81-6193-4dab-a13c-95d9c3db8ae3}</UniqueIdentifier>
    </Filter>
  </ItemGroup>
  <ItemGroup>
    <ClCompile Include="..\BoostedCommittee.cpp">
      <Filter>Source Files</Filter>
    </ClCompile>
    <ClCompile Include="Example.cpp">
      <Filter>Source Files</Filter>
    </ClCompile>
    <ClCompile Include="..\SPHypothesis.cpp">
      <Filter>Source Files</Filter>
    </ClCompile>
    <ClCompile Include="..\BoostFileConvert.cpp">
      <Filter>Source Files</Filter>
    </ClCompile>
    <ClCompile Include="PathX.cpp">
      <Filter>PathX</Filter>
    </ClCompile>
    <ClCompile Include="stdafx.cpp">
      <Filter>Source Files</Filter>
    </ClCompile>
  </ItemGroup>
  <ItemGroup>
    <ClInclude Include="..\BoostedCommittee.h">
      <Filter>Header Files</Filter>
    </ClInclude>
    <ClInclude Include="..\IWeakHypothesis.h">
      <Filter>Header Files</Filter>
    </ClInclude>
    <ClInclude Include="..\SPHypothesis.h">
      <Filter>Header Files</Filter>
    </ClInclude>
    <ClInclude Include="..\BoostFileConvert.h">
      <Filter>Header Files</Filter>
    </ClInclude>
    <ClInclude Include="BoostPredict.h">
      <Filter>Header Files</Filter>
    </ClInclude>
    <ClInclude Include="BoostData.h">
      <Filter>Header Files</Filter>
    </ClInclude>
    <ClInclude Include="PathX.h">
      <Filter>PathX</Filter>
    </ClInclude>
    <ClInclude Include="stdafx.h">
      <Filter>Header Files</Filter>
    </ClInclude>
  </ItemGroup>
  <ItemGroup>
    <CustomBuild Include="ReadMe.txt" />
  </ItemGroup>
</Project>